// !$*UTF8*$!
{
	archiveVersion = 1;
	classes = {
	};
	objectVersion = 46;
	objects = {

/* Begin PBXBuildFile section */
		5EBC73C61AA260CD00BA8D29 /* AVFoundation.framework in Frameworks */ = {isa = PBXBuildFile; fileRef = 5EBC73C51AA260CD00BA8D29 /* AVFoundation.framework */; };
		5EBC73CE1AA2611A00BA8D29 /* ImageIO.framework in Frameworks */ = {isa = PBXBuildFile; fileRef = 5EBC73CD1AA2611A00BA8D29 /* ImageIO.framework */; };
		5EBC73D01AA2612800BA8D29 /* libc++.dylib in Frameworks */ = {isa = PBXBuildFile; fileRef = 5EBC73CF1AA2612800BA8D29 /* libc++.dylib */; };
		5EBC73D21AA2613000BA8D29 /* libicucore.dylib in Frameworks */ = {isa = PBXBuildFile; fileRef = 5EBC73D11AA2613000BA8D29 /* libicucore.dylib */; };
		5EBC73DD1AA26EF700BA8D29 /* MapControllerView.m in Sources */ = {isa = PBXBuildFile; fileRef = 5EBC73DC1AA26EF700BA8D29 /* MapControllerView.m */; };
		5EBC73DF1AA2738800BA8D29 /* MapKit.framework in Frameworks */ = {isa = PBXBuildFile; fileRef = 5EBC73DE1AA2738800BA8D29 /* MapKit.framework */; };
		68A7E8DB1AA28CB5005C12B3 /* ProfileControllerView.m in Sources */ = {isa = PBXBuildFile; fileRef = 68A7E8DA1AA28CB5005C12B3 /* ProfileControllerView.m */; };
		68A7E8E11AA291CF005C12B3 /* padlock_closed_inv.png in Resources */ = {isa = PBXBuildFile; fileRef = 68A7E8DD1AA291CF005C12B3 /* padlock_closed_inv.png */; };
		68A7E8E21AA291CF005C12B3 /* pursuit_logo.gif in Resources */ = {isa = PBXBuildFile; fileRef = 68A7E8DE1AA291CF005C12B3 /* pursuit_logo.gif */; };
		68A7E8E31AA291CF005C12B3 /* userpicstuff.gif in Resources */ = {isa = PBXBuildFile; fileRef = 68A7E8DF1AA291CF005C12B3 /* userpicstuff.gif */; };
		68A7E8E41AA291CF005C12B3 /* whitePur.gif in Resources */ = {isa = PBXBuildFile; fileRef = 68A7E8E01AA291CF005C12B3 /* whitePur.gif */; };
		68A7E8E61AA2946F005C12B3 /* whiteline.png in Resources */ = {isa = PBXBuildFile; fileRef = 68A7E8E51AA2946F005C12B3 /* whiteline.png */; };
		68A7E8E81AA2CB3B005C12B3 /* NullProfile.png in Resources */ = {isa = PBXBuildFile; fileRef = 68A7E8E71AA2CB3B005C12B3 /* NullProfile.png */; };
		68A7E8EA1AA2CB4C005C12B3 /* Profile.png in Resources */ = {isa = PBXBuildFile; fileRef = 68A7E8E91AA2CB4C005C12B3 /* Profile.png */; };
		68A7E8EC1AA2CB97005C12B3 /* frame.png in Resources */ = {isa = PBXBuildFile; fileRef = 68A7E8EB1AA2CB97005C12B3 /* frame.png */; };
		68A7E8EF1AA2E043005C12B3 /* Users.m in Sources */ = {isa = PBXBuildFile; fileRef = 68A7E8EE1AA2E043005C12B3 /* Users.m */; };
		68BD0B3A1AA24AC7002B0425 /* main.m in Sources */ = {isa = PBXBuildFile; fileRef = 68BD0B391AA24AC7002B0425 /* main.m */; };
		68BD0B3D1AA24AC7002B0425 /* AppDelegate.m in Sources */ = {isa = PBXBuildFile; fileRef = 68BD0B3C1AA24AC7002B0425 /* AppDelegate.m */; };
		68BD0B401AA24AC7002B0425 /* Pursuit.xcdatamodeld in Sources */ = {isa = PBXBuildFile; fileRef = 68BD0B3E1AA24AC7002B0425 /* Pursuit.xcdatamodeld */; };
		68BD0B431AA24AC7002B0425 /* LoginControllerView.m in Sources */ = {isa = PBXBuildFile; fileRef = 68BD0B421AA24AC7002B0425 /* LoginControllerView.m */; };
		68BD0B461AA24AC7002B0425 /* Main.storyboard in Resources */ = {isa = PBXBuildFile; fileRef = 68BD0B441AA24AC7002B0425 /* Main.storyboard */; };
		68BD0B481AA24AC7002B0425 /* Images.xcassets in Resources */ = {isa = PBXBuildFile; fileRef = 68BD0B471AA24AC7002B0425 /* Images.xcassets */; };
		68BD0B4B1AA24AC7002B0425 /* LaunchScreen.xib in Resources */ = {isa = PBXBuildFile; fileRef = 68BD0B491AA24AC7002B0425 /* LaunchScreen.xib */; };
		68BD0B571AA24AC7002B0425 /* PursuitTests.m in Sources */ = {isa = PBXBuildFile; fileRef = 68BD0B561AA24AC7002B0425 /* PursuitTests.m */; };
		68BD0B621AA25CA1002B0425 /* Bolts.framework in Frameworks */ = {isa = PBXBuildFile; fileRef = 68BD0B601AA25CA1002B0425 /* Bolts.framework */; };
		68BD0B631AA25CA1002B0425 /* Parse.framework in Frameworks */ = {isa = PBXBuildFile; fileRef = 68BD0B611AA25CA1002B0425 /* Parse.framework */; };
		68BD0B651AA25CC3002B0425 /* AudioToolbox.framework in Frameworks */ = {isa = PBXBuildFile; fileRef = 68BD0B641AA25CC3002B0425 /* AudioToolbox.framework */; };
		68BD0B671AA25CCA002B0425 /* CFNetwork.framework in Frameworks */ = {isa = PBXBuildFile; fileRef = 68BD0B661AA25CCA002B0425 /* CFNetwork.framework */; };
		68BD0B691AA25CD2002B0425 /* CoreGraphics.framework in Frameworks */ = {isa = PBXBuildFile; fileRef = 68BD0B681AA25CD2002B0425 /* CoreGraphics.framework */; };
		68BD0B6B1AA25CDB002B0425 /* CoreLocation.framework in Frameworks */ = {isa = PBXBuildFile; fileRef = 68BD0B6A1AA25CDB002B0425 /* CoreLocation.framework */; };
		68BD0B6D1AA25CE5002B0425 /* MobileCoreServices.framework in Frameworks */ = {isa = PBXBuildFile; fileRef = 68BD0B6C1AA25CE5002B0425 /* MobileCoreServices.framework */; };
		68BD0B6F1AA25CEF002B0425 /* QuartzCore.framework in Frameworks */ = {isa = PBXBuildFile; fileRef = 68BD0B6E1AA25CEF002B0425 /* QuartzCore.framework */; };
		68BD0B711AA25CF6002B0425 /* Security.framework in Frameworks */ = {isa = PBXBuildFile; fileRef = 68BD0B701AA25CF6002B0425 /* Security.framework */; };
		68BD0B731AA25CFF002B0425 /* StoreKit.framework in Frameworks */ = {isa = PBXBuildFile; fileRef = 68BD0B721AA25CFF002B0425 /* StoreKit.framework */; };
		68BD0B751AA25D0C002B0425 /* SystemConfiguration.framework in Frameworks */ = {isa = PBXBuildFile; fileRef = 68BD0B741AA25D0C002B0425 /* SystemConfiguration.framework */; };
		68BD0B771AA25D15002B0425 /* libz.dylib in Frameworks */ = {isa = PBXBuildFile; fileRef = 68BD0B761AA25D15002B0425 /* libz.dylib */; };
		68BD0B791AA25D20002B0425 /* libsqlite3.dylib in Frameworks */ = {isa = PBXBuildFile; fileRef = 68BD0B781AA25D20002B0425 /* libsqlite3.dylib */; };
		68BD0B7E1AA267E1002B0425 /* checkbox-checked.png in Resources */ = {isa = PBXBuildFile; fileRef = 68BD0B7B1AA267E1002B0425 /* checkbox-checked.png */; };
		68BD0B7F1AA267E1002B0425 /* checkbox-pressed.png in Resources */ = {isa = PBXBuildFile; fileRef = 68BD0B7C1AA267E1002B0425 /* checkbox-pressed.png */; };
		68BD0B801AA267E1002B0425 /* checkbox.png in Resources */ = {isa = PBXBuildFile; fileRef = 68BD0B7D1AA267E1002B0425 /* checkbox.png */; };
		68BD0B831AA2768F002B0425 /* SignupControllerView.m in Sources */ = {isa = PBXBuildFile; fileRef = 68BD0B821AA2768F002B0425 /* SignupControllerView.m */; };
/* End PBXBuildFile section */

/* Begin PBXContainerItemProxy section */
		68BD0B511AA24AC7002B0425 /* PBXContainerItemProxy */ = {
			isa = PBXContainerItemProxy;
			containerPortal = 68BD0B2C1AA24AC7002B0425 /* Project object */;
			proxyType = 1;
			remoteGlobalIDString = 68BD0B331AA24AC7002B0425;
			remoteInfo = Pursuit;
		};
/* End PBXContainerItemProxy section */

/* Begin PBXFileReference section */
		5EBC73C51AA260CD00BA8D29 /* AVFoundation.framework */ = {isa = PBXFileReference; lastKnownFileType = wrapper.framework; name = AVFoundation.framework; path = System/Library/Frameworks/AVFoundation.framework; sourceTree = SDKROOT; };
		5EBC73CD1AA2611A00BA8D29 /* ImageIO.framework */ = {isa = PBXFileReference; lastKnownFileType = wrapper.framework; name = ImageIO.framework; path = System/Library/Frameworks/ImageIO.framework; sourceTree = SDKROOT; };
		5EBC73CF1AA2612800BA8D29 /* libc++.dylib */ = {isa = PBXFileReference; lastKnownFileType = "compiled.mach-o.dylib"; name = "libc++.dylib"; path = "usr/lib/libc++.dylib"; sourceTree = SDKROOT; };
		5EBC73D11AA2613000BA8D29 /* libicucore.dylib */ = {isa = PBXFileReference; lastKnownFileType = "compiled.mach-o.dylib"; name = libicucore.dylib; path = usr/lib/libicucore.dylib; sourceTree = SDKROOT; };
		5EBC73DB1AA26ED300BA8D29 /* MapControllerView.h */ = {isa = PBXFileReference; lastKnownFileType = sourcecode.c.h; path = MapControllerView.h; sourceTree = "<group>"; };
		5EBC73DC1AA26EF700BA8D29 /* MapControllerView.m */ = {isa = PBXFileReference; fileEncoding = 4; lastKnownFileType = sourcecode.c.objc; path = MapControllerView.m; sourceTree = "<group>"; };
		5EBC73DE1AA2738800BA8D29 /* MapKit.framework */ = {isa = PBXFileReference; lastKnownFileType = wrapper.framework; name = MapKit.framework; path = System/Library/Frameworks/MapKit.framework; sourceTree = SDKROOT; };
		68A7E8DA1AA28CB5005C12B3 /* ProfileControllerView.m */ = {isa = PBXFileReference; fileEncoding = 4; lastKnownFileType = sourcecode.c.objc; path = ProfileControllerView.m; sourceTree = "<group>"; };
		68A7E8DC1AA28CC6005C12B3 /* ProfileControllerView.h */ = {isa = PBXFileReference; lastKnownFileType = sourcecode.c.h; path = ProfileControllerView.h; sourceTree = "<group>"; };
		68A7E8DD1AA291CF005C12B3 /* padlock_closed_inv.png */ = {isa = PBXFileReference; lastKnownFileType = image.png; path = padlock_closed_inv.png; sourceTree = "<group>"; };
		68A7E8DE1AA291CF005C12B3 /* pursuit_logo.gif */ = {isa = PBXFileReference; lastKnownFileType = image.gif; path = pursuit_logo.gif; sourceTree = "<group>"; };
		68A7E8DF1AA291CF005C12B3 /* userpicstuff.gif */ = {isa = PBXFileReference; lastKnownFileType = image.gif; path = userpicstuff.gif; sourceTree = "<group>"; };
		68A7E8E01AA291CF005C12B3 /* whitePur.gif */ = {isa = PBXFileReference; lastKnownFileType = image.gif; path = whitePur.gif; sourceTree = "<group>"; };
		68A7E8E51AA2946F005C12B3 /* whiteline.png */ = {isa = PBXFileReference; lastKnownFileType = image.png; path = whiteline.png; sourceTree = "<group>"; };
		68A7E8E71AA2CB3B005C12B3 /* NullProfile.png */ = {isa = PBXFileReference; lastKnownFileType = image.png; path = NullProfile.png; sourceTree = "<group>"; };
		68A7E8E91AA2CB4C005C12B3 /* Profile.png */ = {isa = PBXFileReference; lastKnownFileType = image.png; path = Profile.png; sourceTree = "<group>"; };
		68A7E8EB1AA2CB97005C12B3 /* frame.png */ = {isa = PBXFileReference; lastKnownFileType = image.png; path = frame.png; sourceTree = "<group>"; };
		68A7E8ED1AA2E043005C12B3 /* Users.h */ = {isa = PBXFileReference; fileEncoding = 4; lastKnownFileType = sourcecode.c.h; path = Users.h; sourceTree = "<group>"; };
		68A7E8EE1AA2E043005C12B3 /* Users.m */ = {isa = PBXFileReference; fileEncoding = 4; lastKnownFileType = sourcecode.c.objc; path = Users.m; sourceTree = "<group>"; };
		68BD0B341AA24AC7002B0425 /* Pursuit.app */ = {isa = PBXFileReference; explicitFileType = wrapper.application; includeInIndex = 0; path = Pursuit.app; sourceTree = BUILT_PRODUCTS_DIR; };
		68BD0B381AA24AC7002B0425 /* Info.plist */ = {isa = PBXFileReference; lastKnownFileType = text.plist.xml; path = Info.plist; sourceTree = "<group>"; };
		68BD0B391AA24AC7002B0425 /* main.m */ = {isa = PBXFileReference; lastKnownFileType = sourcecode.c.objc; path = main.m; sourceTree = "<group>"; };
		68BD0B3B1AA24AC7002B0425 /* AppDelegate.h */ = {isa = PBXFileReference; lastKnownFileType = sourcecode.c.h; path = AppDelegate.h; sourceTree = "<group>"; };
		68BD0B3C1AA24AC7002B0425 /* AppDelegate.m */ = {isa = PBXFileReference; lastKnownFileType = sourcecode.c.objc; path = AppDelegate.m; sourceTree = "<group>"; };
		68BD0B3F1AA24AC7002B0425 /* Pursuit.xcdatamodel */ = {isa = PBXFileReference; lastKnownFileType = wrapper.xcdatamodel; path = Pursuit.xcdatamodel; sourceTree = "<group>"; };
		68BD0B411AA24AC7002B0425 /* LoginControllerView.h */ = {isa = PBXFileReference; lastKnownFileType = sourcecode.c.h; path = LoginControllerView.h; sourceTree = "<group>"; };
		68BD0B421AA24AC7002B0425 /* LoginControllerView.m */ = {isa = PBXFileReference; lastKnownFileType = sourcecode.c.objc; path = LoginControllerView.m; sourceTree = "<group>"; };
		68BD0B451AA24AC7002B0425 /* Base */ = {isa = PBXFileReference; lastKnownFileType = file.storyboard; name = Base; path = Base.lproj/Main.storyboard; sourceTree = "<group>"; };
		68BD0B471AA24AC7002B0425 /* Images.xcassets */ = {isa = PBXFileReference; lastKnownFileType = folder.assetcatalog; path = Images.xcassets; sourceTree = "<group>"; };
		68BD0B4A1AA24AC7002B0425 /* Base */ = {isa = PBXFileReference; lastKnownFileType = file.xib; name = Base; path = Base.lproj/LaunchScreen.xib; sourceTree = "<group>"; };
		68BD0B501AA24AC7002B0425 /* PursuitTests.xctest */ = {isa = PBXFileReference; explicitFileType = wrapper.cfbundle; includeInIndex = 0; path = PursuitTests.xctest; sourceTree = BUILT_PRODUCTS_DIR; };
		68BD0B551AA24AC7002B0425 /* Info.plist */ = {isa = PBXFileReference; lastKnownFileType = text.plist.xml; path = Info.plist; sourceTree = "<group>"; };
		68BD0B561AA24AC7002B0425 /* PursuitTests.m */ = {isa = PBXFileReference; lastKnownFileType = sourcecode.c.objc; path = PursuitTests.m; sourceTree = "<group>"; };
		68BD0B601AA25CA1002B0425 /* Bolts.framework */ = {isa = PBXFileReference; lastKnownFileType = wrapper.framework; name = Bolts.framework; path = ../Bolts.framework; sourceTree = "<group>"; };
		68BD0B611AA25CA1002B0425 /* Parse.framework */ = {isa = PBXFileReference; lastKnownFileType = wrapper.framework; name = Parse.framework; path = ../Parse.framework; sourceTree = "<group>"; };
		68BD0B641AA25CC3002B0425 /* AudioToolbox.framework */ = {isa = PBXFileReference; lastKnownFileType = wrapper.framework; name = AudioToolbox.framework; path = System/Library/Frameworks/AudioToolbox.framework; sourceTree = SDKROOT; };
		68BD0B661AA25CCA002B0425 /* CFNetwork.framework */ = {isa = PBXFileReference; lastKnownFileType = wrapper.framework; name = CFNetwork.framework; path = System/Library/Frameworks/CFNetwork.framework; sourceTree = SDKROOT; };
		68BD0B681AA25CD2002B0425 /* CoreGraphics.framework */ = {isa = PBXFileReference; lastKnownFileType = wrapper.framework; name = CoreGraphics.framework; path = System/Library/Frameworks/CoreGraphics.framework; sourceTree = SDKROOT; };
		68BD0B6A1AA25CDB002B0425 /* CoreLocation.framework */ = {isa = PBXFileReference; lastKnownFileType = wrapper.framework; name = CoreLocation.framework; path = System/Library/Frameworks/CoreLocation.framework; sourceTree = SDKROOT; };
		68BD0B6C1AA25CE5002B0425 /* MobileCoreServices.framework */ = {isa = PBXFileReference; lastKnownFileType = wrapper.framework; name = MobileCoreServices.framework; path = System/Library/Frameworks/MobileCoreServices.framework; sourceTree = SDKROOT; };
		68BD0B6E1AA25CEF002B0425 /* QuartzCore.framework */ = {isa = PBXFileReference; lastKnownFileType = wrapper.framework; name = QuartzCore.framework; path = System/Library/Frameworks/QuartzCore.framework; sourceTree = SDKROOT; };
		68BD0B701AA25CF6002B0425 /* Security.framework */ = {isa = PBXFileReference; lastKnownFileType = wrapper.framework; name = Security.framework; path = System/Library/Frameworks/Security.framework; sourceTree = SDKROOT; };
		68BD0B721AA25CFF002B0425 /* StoreKit.framework */ = {isa = PBXFileReference; lastKnownFileType = wrapper.framework; name = StoreKit.framework; path = System/Library/Frameworks/StoreKit.framework; sourceTree = SDKROOT; };
		68BD0B741AA25D0C002B0425 /* SystemConfiguration.framework */ = {isa = PBXFileReference; lastKnownFileType = wrapper.framework; name = SystemConfiguration.framework; path = System/Library/Frameworks/SystemConfiguration.framework; sourceTree = SDKROOT; };
		68BD0B761AA25D15002B0425 /* libz.dylib */ = {isa = PBXFileReference; lastKnownFileType = "compiled.mach-o.dylib"; name = libz.dylib; path = usr/lib/libz.dylib; sourceTree = SDKROOT; };
		68BD0B781AA25D20002B0425 /* libsqlite3.dylib */ = {isa = PBXFileReference; lastKnownFileType = "compiled.mach-o.dylib"; name = libsqlite3.dylib; path = usr/lib/libsqlite3.dylib; sourceTree = SDKROOT; };
		68BD0B7B1AA267E1002B0425 /* checkbox-checked.png */ = {isa = PBXFileReference; lastKnownFileType = image.png; path = "checkbox-checked.png"; sourceTree = "<group>"; };
		68BD0B7C1AA267E1002B0425 /* checkbox-pressed.png */ = {isa = PBXFileReference; lastKnownFileType = image.png; path = "checkbox-pressed.png"; sourceTree = "<group>"; };
		68BD0B7D1AA267E1002B0425 /* checkbox.png */ = {isa = PBXFileReference; lastKnownFileType = image.png; path = checkbox.png; sourceTree = "<group>"; };
		68BD0B811AA2767B002B0425 /* SignupControllerView.h */ = {isa = PBXFileReference; lastKnownFileType = sourcecode.c.h; path = SignupControllerView.h; sourceTree = "<group>"; };
		68BD0B821AA2768F002B0425 /* SignupControllerView.m */ = {isa = PBXFileReference; fileEncoding = 4; lastKnownFileType = sourcecode.c.objc; path = SignupControllerView.m; sourceTree = "<group>"; };
/* End PBXFileReference section */

/* Begin PBXFrameworksBuildPhase section */
		68BD0B311AA24AC7002B0425 /* Frameworks */ = {
			isa = PBXFrameworksBuildPhase;
			buildActionMask = 2147483647;
			files = (
				5EBC73DF1AA2738800BA8D29 /* MapKit.framework in Frameworks */,
				68BD0B771AA25D15002B0425 /* libz.dylib in Frameworks */,
				5EBC73D21AA2613000BA8D29 /* libicucore.dylib in Frameworks */,
				5EBC73D01AA2612800BA8D29 /* libc++.dylib in Frameworks */,
				5EBC73CE1AA2611A00BA8D29 /* ImageIO.framework in Frameworks */,
				5EBC73C61AA260CD00BA8D29 /* AVFoundation.framework in Frameworks */,
				68BD0B791AA25D20002B0425 /* libsqlite3.dylib in Frameworks */,
				68BD0B751AA25D0C002B0425 /* SystemConfiguration.framework in Frameworks */,
				68BD0B731AA25CFF002B0425 /* StoreKit.framework in Frameworks */,
				68BD0B711AA25CF6002B0425 /* Security.framework in Frameworks */,
				68BD0B6F1AA25CEF002B0425 /* QuartzCore.framework in Frameworks */,
				68BD0B6D1AA25CE5002B0425 /* MobileCoreServices.framework in Frameworks */,
				68BD0B6B1AA25CDB002B0425 /* CoreLocation.framework in Frameworks */,
				68BD0B691AA25CD2002B0425 /* CoreGraphics.framework in Frameworks */,
				68BD0B671AA25CCA002B0425 /* CFNetwork.framework in Frameworks */,
				68BD0B651AA25CC3002B0425 /* AudioToolbox.framework in Frameworks */,
				68BD0B631AA25CA1002B0425 /* Parse.framework in Frameworks */,
				68BD0B621AA25CA1002B0425 /* Bolts.framework in Frameworks */,
			);
			runOnlyForDeploymentPostprocessing = 0;
		};
		68BD0B4D1AA24AC7002B0425 /* Frameworks */ = {
			isa = PBXFrameworksBuildPhase;
			buildActionMask = 2147483647;
			files = (
			);
			runOnlyForDeploymentPostprocessing = 0;
		};
/* End PBXFrameworksBuildPhase section */

/* Begin PBXGroup section */
		68BD0B2B1AA24AC7002B0425 = {
			isa = PBXGroup;
			children = (
				68BD0B361AA24AC7002B0425 /* Pursuit */,
				68BD0B531AA24AC7002B0425 /* PursuitTests */,
				68BD0B351AA24AC7002B0425 /* Products */,
			);
			sourceTree = "<group>";
		};
		68BD0B351AA24AC7002B0425 /* Products */ = {
			isa = PBXGroup;
			children = (
				68BD0B341AA24AC7002B0425 /* Pursuit.app */,
				68BD0B501AA24AC7002B0425 /* PursuitTests.xctest */,
			);
			name = Products;
			sourceTree = "<group>";
		};
		68BD0B361AA24AC7002B0425 /* Pursuit */ = {
			isa = PBXGroup;
			children = (
				68A7E8ED1AA2E043005C12B3 /* Users.h */,
				68A7E8EE1AA2E043005C12B3 /* Users.m */,
				5EBC73DB1AA26ED300BA8D29 /* MapControllerView.h */,
				5EBC73DC1AA26EF700BA8D29 /* MapControllerView.m */,
				68A7E8DC1AA28CC6005C12B3 /* ProfileControllerView.h */,
				68A7E8DA1AA28CB5005C12B3 /* ProfileControllerView.m */,
				68BD0B3B1AA24AC7002B0425 /* AppDelegate.h */,
				68BD0B3C1AA24AC7002B0425 /* AppDelegate.m */,
				68BD0B411AA24AC7002B0425 /* LoginControllerView.h */,
				68BD0B421AA24AC7002B0425 /* LoginControllerView.m */,
				68BD0B811AA2767B002B0425 /* SignupControllerView.h */,
				68BD0B821AA2768F002B0425 /* SignupControllerView.m */,
				68BD0B441AA24AC7002B0425 /* Main.storyboard */,
				68BD0B471AA24AC7002B0425 /* Images.xcassets */,
				68BD0B491AA24AC7002B0425 /* LaunchScreen.xib */,
				68BD0B3E1AA24AC7002B0425 /* Pursuit.xcdatamodeld */,
				68BD0B7A1AA267CA002B0425 /* Image */,
				68BD0B371AA24AC7002B0425 /* Supporting Files */,
			);
			path = Pursuit;
			sourceTree = "<group>";
		};
		68BD0B371AA24AC7002B0425 /* Supporting Files */ = {
			isa = PBXGroup;
			children = (
				68BD0B781AA25D20002B0425 /* libsqlite3.dylib */,
				68BD0B761AA25D15002B0425 /* libz.dylib */,
				5EBC73D11AA2613000BA8D29 /* libicucore.dylib */,
				5EBC73CF1AA2612800BA8D29 /* libc++.dylib */,
				5EBC73DE1AA2738800BA8D29 /* MapKit.framework */,
				5EBC73CD1AA2611A00BA8D29 /* ImageIO.framework */,
				5EBC73C51AA260CD00BA8D29 /* AVFoundation.framework */,
				68BD0B741AA25D0C002B0425 /* SystemConfiguration.framework */,
				68BD0B721AA25CFF002B0425 /* StoreKit.framework */,
				68BD0B701AA25CF6002B0425 /* Security.framework */,
				68BD0B6E1AA25CEF002B0425 /* QuartzCore.framework */,
				68BD0B6C1AA25CE5002B0425 /* MobileCoreServices.framework */,
				68BD0B6A1AA25CDB002B0425 /* CoreLocation.framework */,
				68BD0B681AA25CD2002B0425 /* CoreGraphics.framework */,
				68BD0B661AA25CCA002B0425 /* CFNetwork.framework */,
				68BD0B641AA25CC3002B0425 /* AudioToolbox.framework */,
				68BD0B601AA25CA1002B0425 /* Bolts.framework */,
				68BD0B611AA25CA1002B0425 /* Parse.framework */,
				68BD0B381AA24AC7002B0425 /* Info.plist */,
				68BD0B391AA24AC7002B0425 /* main.m */,
			);
			name = "Supporting Files";
			sourceTree = "<group>";
		};
		68BD0B531AA24AC7002B0425 /* PursuitTests */ = {
			isa = PBXGroup;
			children = (
				68BD0B561AA24AC7002B0425 /* PursuitTests.m */,
				68BD0B541AA24AC7002B0425 /* Supporting Files */,
			);
			path = PursuitTests;
			sourceTree = "<group>";
		};
		68BD0B541AA24AC7002B0425 /* Supporting Files */ = {
			isa = PBXGroup;
			children = (
				68BD0B551AA24AC7002B0425 /* Info.plist */,
			);
			name = "Supporting Files";
			sourceTree = "<group>";
		};
		68BD0B7A1AA267CA002B0425 /* Image */ = {
			isa = PBXGroup;
			children = (
				68A7E8EB1AA2CB97005C12B3 /* frame.png */,
				68A7E8E91AA2CB4C005C12B3 /* Profile.png */,
				68A7E8E71AA2CB3B005C12B3 /* NullProfile.png */,
				68A7E8DD1AA291CF005C12B3 /* padlock_closed_inv.png */,
				68A7E8E51AA2946F005C12B3 /* whiteline.png */,
				68A7E8DE1AA291CF005C12B3 /* pursuit_logo.gif */,
				68A7E8DF1AA291CF005C12B3 /* userpicstuff.gif */,
				68A7E8E01AA291CF005C12B3 /* whitePur.gif */,
				68BD0B7B1AA267E1002B0425 /* checkbox-checked.png */,
				68BD0B7C1AA267E1002B0425 /* checkbox-pressed.png */,
				68BD0B7D1AA267E1002B0425 /* checkbox.png */,
			);
			name = Image;
			sourceTree = "<group>";
		};
/* End PBXGroup section */

/* Begin PBXNativeTarget section */
		68BD0B331AA24AC7002B0425 /* Pursuit */ = {
			isa = PBXNativeTarget;
			buildConfigurationList = 68BD0B5A1AA24AC7002B0425 /* Build configuration list for PBXNativeTarget "Pursuit" */;
			buildPhases = (
				68BD0B301AA24AC7002B0425 /* Sources */,
				68BD0B311AA24AC7002B0425 /* Frameworks */,
				68BD0B321AA24AC7002B0425 /* Resources */,
			);
			buildRules = (
			);
			dependencies = (
			);
			name = Pursuit;
			productName = Pursuit;
			productReference = 68BD0B341AA24AC7002B0425 /* Pursuit.app */;
			productType = "com.apple.product-type.application";
		};
		68BD0B4F1AA24AC7002B0425 /* PursuitTests */ = {
			isa = PBXNativeTarget;
			buildConfigurationList = 68BD0B5D1AA24AC7002B0425 /* Build configuration list for PBXNativeTarget "PursuitTests" */;
			buildPhases = (
				68BD0B4C1AA24AC7002B0425 /* Sources */,
				68BD0B4D1AA24AC7002B0425 /* Frameworks */,
				68BD0B4E1AA24AC7002B0425 /* Resources */,
			);
			buildRules = (
			);
			dependencies = (
				68BD0B521AA24AC7002B0425 /* PBXTargetDependency */,
			);
			name = PursuitTests;
			productName = PursuitTests;
			productReference = 68BD0B501AA24AC7002B0425 /* PursuitTests.xctest */;
			productType = "com.apple.product-type.bundle.unit-test";
		};
/* End PBXNativeTarget section */

/* Begin PBXProject section */
		68BD0B2C1AA24AC7002B0425 /* Project object */ = {
			isa = PBXProject;
			attributes = {
				LastUpgradeCheck = 0610;
				ORGANIZATIONNAME = TeamGeorgie;
				TargetAttributes = {
					68BD0B331AA24AC7002B0425 = {
						CreatedOnToolsVersion = 6.1.1;
					};
					68BD0B4F1AA24AC7002B0425 = {
						CreatedOnToolsVersion = 6.1.1;
						TestTargetID = 68BD0B331AA24AC7002B0425;
					};
				};
			};
			buildConfigurationList = 68BD0B2F1AA24AC7002B0425 /* Build configuration list for PBXProject "Pursuit" */;
			compatibilityVersion = "Xcode 3.2";
			developmentRegion = English;
			hasScannedForEncodings = 0;
			knownRegions = (
				en,
				Base,
			);
			mainGroup = 68BD0B2B1AA24AC7002B0425;
			productRefGroup = 68BD0B351AA24AC7002B0425 /* Products */;
			projectDirPath = "";
			projectRoot = "";
			targets = (
				68BD0B331AA24AC7002B0425 /* Pursuit */,
				68BD0B4F1AA24AC7002B0425 /* PursuitTests */,
			);
		};
/* End PBXProject section */

/* Begin PBXResourcesBuildPhase section */
		68BD0B321AA24AC7002B0425 /* Resources */ = {
			isa = PBXResourcesBuildPhase;
			buildActionMask = 2147483647;
			files = (
				68A7E8E21AA291CF005C12B3 /* pursuit_logo.gif in Resources */,
				68BD0B461AA24AC7002B0425 /* Main.storyboard in Resources */,
				68A7E8EA1AA2CB4C005C12B3 /* Profile.png in Resources */,
				68A7E8E31AA291CF005C12B3 /* userpicstuff.gif in Resources */,
				68BD0B4B1AA24AC7002B0425 /* LaunchScreen.xib in Resources */,
				68BD0B7E1AA267E1002B0425 /* checkbox-checked.png in Resources */,
				68A7E8E11AA291CF005C12B3 /* padlock_closed_inv.png in Resources */,
				68BD0B481AA24AC7002B0425 /* Images.xcassets in Resources */,
				68BD0B7F1AA267E1002B0425 /* checkbox-pressed.png in Resources */,
				68A7E8E41AA291CF005C12B3 /* whitePur.gif in Resources */,
				68A7E8E61AA2946F005C12B3 /* whiteline.png in Resources */,
				68A7E8EC1AA2CB97005C12B3 /* frame.png in Resources */,
				68A7E8E81AA2CB3B005C12B3 /* NullProfile.png in Resources */,
				68BD0B801AA267E1002B0425 /* checkbox.png in Resources */,
			);
			runOnlyForDeploymentPostprocessing = 0;
		};
		68BD0B4E1AA24AC7002B0425 /* Resources */ = {
			isa = PBXResourcesBuildPhase;
			buildActionMask = 2147483647;
			files = (
			);
			runOnlyForDeploymentPostprocessing = 0;
		};
/* End PBXResourcesBuildPhase section */

/* Begin PBXSourcesBuildPhase section */
		68BD0B301AA24AC7002B0425 /* Sources */ = {
			isa = PBXSourcesBuildPhase;
			buildActionMask = 2147483647;
			files = (
				68BD0B831AA2768F002B0425 /* SignupControllerView.m in Sources */,
				68A7E8EF1AA2E043005C12B3 /* Users.m in Sources */,
				68BD0B401AA24AC7002B0425 /* Pursuit.xcdatamodeld in Sources */,
				68BD0B3D1AA24AC7002B0425 /* AppDelegate.m in Sources */,
				68BD0B431AA24AC7002B0425 /* LoginControllerView.m in Sources */,
				68A7E8DB1AA28CB5005C12B3 /* ProfileControllerView.m in Sources */,
				5EBC73DD1AA26EF700BA8D29 /* MapControllerView.m in Sources */,
				68BD0B3A1AA24AC7002B0425 /* main.m in Sources */,
			);
			runOnlyForDeploymentPostprocessing = 0;
		};
		68BD0B4C1AA24AC7002B0425 /* Sources */ = {
			isa = PBXSourcesBuildPhase;
			buildActionMask = 2147483647;
			files = (
				68BD0B571AA24AC7002B0425 /* PursuitTests.m in Sources */,
			);
			runOnlyForDeploymentPostprocessing = 0;
		};
/* End PBXSourcesBuildPhase section */

/* Begin PBXTargetDependency section */
		68BD0B521AA24AC7002B0425 /* PBXTargetDependency */ = {
			isa = PBXTargetDependency;
			target = 68BD0B331AA24AC7002B0425 /* Pursuit */;
			targetProxy = 68BD0B511AA24AC7002B0425 /* PBXContainerItemProxy */;
		};
/* End PBXTargetDependency section */

/* Begin PBXVariantGroup section */
		68BD0B441AA24AC7002B0425 /* Main.storyboard */ = {
			isa = PBXVariantGroup;
			children = (
				68BD0B451AA24AC7002B0425 /* Base */,
			);
			name = Main.storyboard;
			sourceTree = "<group>";
		};
		68BD0B491AA24AC7002B0425 /* LaunchScreen.xib */ = {
			isa = PBXVariantGroup;
			children = (
				68BD0B4A1AA24AC7002B0425 /* Base */,
			);
			name = LaunchScreen.xib;
			sourceTree = "<group>";
		};
/* End PBXVariantGroup section */

/* Begin XCBuildConfiguration section */
		68BD0B581AA24AC7002B0425 /* Debug */ = {
			isa = XCBuildConfiguration;
			buildSettings = {
				ALWAYS_SEARCH_USER_PATHS = NO;
				CLANG_CXX_LANGUAGE_STANDARD = "gnu++0x";
				CLANG_CXX_LIBRARY = "libc++";
				CLANG_ENABLE_MODULES = YES;
				CLANG_ENABLE_OBJC_ARC = YES;
				CLANG_WARN_BOOL_CONVERSION = YES;
				CLANG_WARN_CONSTANT_CONVERSION = YES;
				CLANG_WARN_DIRECT_OBJC_ISA_USAGE = YES_ERROR;
				CLANG_WARN_EMPTY_BODY = YES;
				CLANG_WARN_ENUM_CONVERSION = YES;
				CLANG_WARN_INT_CONVERSION = YES;
				CLANG_WARN_OBJC_ROOT_CLASS = YES_ERROR;
				CLANG_WARN_UNREACHABLE_CODE = YES;
				CLANG_WARN__DUPLICATE_METHOD_MATCH = YES;
				"CODE_SIGN_IDENTITY[sdk=iphoneos*]" = "iPhone Developer";
				COPY_PHASE_STRIP = NO;
				ENABLE_STRICT_OBJC_MSGSEND = YES;
				GCC_C_LANGUAGE_STANDARD = gnu99;
				GCC_DYNAMIC_NO_PIC = NO;
				GCC_OPTIMIZATION_LEVEL = 0;
				GCC_PREPROCESSOR_DEFINITIONS = (
					"DEBUG=1",
					"$(inherited)",
				);
				GCC_SYMBOLS_PRIVATE_EXTERN = NO;
				GCC_WARN_64_TO_32_BIT_CONVERSION = YES;
				GCC_WARN_ABOUT_RETURN_TYPE = YES_ERROR;
				GCC_WARN_UNDECLARED_SELECTOR = YES;
				GCC_WARN_UNINITIALIZED_AUTOS = YES_AGGRESSIVE;
				GCC_WARN_UNUSED_FUNCTION = YES;
				GCC_WARN_UNUSED_VARIABLE = YES;
				IPHONEOS_DEPLOYMENT_TARGET = 8.1;
				MTL_ENABLE_DEBUG_INFO = YES;
				ONLY_ACTIVE_ARCH = YES;
				OTHER_LDFLAGS = "";
				SDKROOT = iphoneos;
			};
			name = Debug;
		};
		68BD0B591AA24AC7002B0425 /* Release */ = {
			isa = XCBuildConfiguration;
			buildSettings = {
				ALWAYS_SEARCH_USER_PATHS = NO;
				CLANG_CXX_LANGUAGE_STANDARD = "gnu++0x";
				CLANG_CXX_LIBRARY = "libc++";
				CLANG_ENABLE_MODULES = YES;
				CLANG_ENABLE_OBJC_ARC = YES;
				CLANG_WARN_BOOL_CONVERSION = YES;
				CLANG_WARN_CONSTANT_CONVERSION = YES;
				CLANG_WARN_DIRECT_OBJC_ISA_USAGE = YES_ERROR;
				CLANG_WARN_EMPTY_BODY = YES;
				CLANG_WARN_ENUM_CONVERSION = YES;
				CLANG_WARN_INT_CONVERSION = YES;
				CLANG_WARN_OBJC_ROOT_CLASS = YES_ERROR;
				CLANG_WARN_UNREACHABLE_CODE = YES;
				CLANG_WARN__DUPLICATE_METHOD_MATCH = YES;
				"CODE_SIGN_IDENTITY[sdk=iphoneos*]" = "iPhone Developer";
				COPY_PHASE_STRIP = YES;
				ENABLE_NS_ASSERTIONS = NO;
				ENABLE_STRICT_OBJC_MSGSEND = YES;
				GCC_C_LANGUAGE_STANDARD = gnu99;
				GCC_WARN_64_TO_32_BIT_CONVERSION = YES;
				GCC_WARN_ABOUT_RETURN_TYPE = YES_ERROR;
				GCC_WARN_UNDECLARED_SELECTOR = YES;
				GCC_WARN_UNINITIALIZED_AUTOS = YES_AGGRESSIVE;
				GCC_WARN_UNUSED_FUNCTION = YES;
				GCC_WARN_UNUSED_VARIABLE = YES;
				IPHONEOS_DEPLOYMENT_TARGET = 8.1;
				MTL_ENABLE_DEBUG_INFO = NO;
				OTHER_LDFLAGS = "";
				SDKROOT = iphoneos;
				VALIDATE_PRODUCT = YES;
			};
			name = Release;
		};
		68BD0B5B1AA24AC7002B0425 /* Debug */ = {
			isa = XCBuildConfiguration;
			buildSettings = {
				ASSETCATALOG_COMPILER_APPICON_NAME = AppIcon;
				FRAMEWORK_SEARCH_PATHS = (
					"$(inherited)",
					"$(PROJECT_DIR)",
					"$(PROJECT_DIR)/Pursuit",
				);
				INFOPLIST_FILE = Pursuit/Info.plist;
				LD_RUNPATH_SEARCH_PATHS = "$(inherited) @executable_path/Frameworks";
				OTHER_LDFLAGS = "";
				PRODUCT_NAME = "$(TARGET_NAME)";
			};
			name = Debug;
		};
		68BD0B5C1AA24AC7002B0425 /* Release */ = {
			isa = XCBuildConfiguration;
			buildSettings = {
				ASSETCATALOG_COMPILER_APPICON_NAME = AppIcon;
				FRAMEWORK_SEARCH_PATHS = (
					"$(inherited)",
					"$(PROJECT_DIR)",
					"$(PROJECT_DIR)/Pursuit",
				);
				INFOPLIST_FILE = Pursuit/Info.plist;
				LD_RUNPATH_SEARCH_PATHS = "$(inherited) @executable_path/Frameworks";
				OTHER_LDFLAGS = "";
				PRODUCT_NAME = "$(TARGET_NAME)";
			};
			name = Release;
		};
		68BD0B5E1AA24AC7002B0425 /* Debug */ = {
			isa = XCBuildConfiguration;
			buildSettings = {
				BUNDLE_LOADER = "$(TEST_HOST)";
				FRAMEWORK_SEARCH_PATHS = (
					"$(SDKROOT)/Developer/Library/Frameworks",
					"$(inherited)",
				);
				GCC_PREPROCESSOR_DEFINITIONS = (
					"DEBUG=1",
					"$(inherited)",
				);
				INFOPLIST_FILE = PursuitTests/Info.plist;
				LD_RUNPATH_SEARCH_PATHS = "$(inherited) @executable_path/Frameworks @loader_path/Frameworks";
				PRODUCT_NAME = "$(TARGET_NAME)";
				TEST_HOST = "$(BUILT_PRODUCTS_DIR)/Pursuit.app/Pursuit";
			};
			name = Debug;
		};
		68BD0B5F1AA24AC7002B0425 /* Release */ = {
			isa = XCBuildConfiguration;
			buildSettings = {
				BUNDLE_LOADER = "$(TEST_HOST)";
				FRAMEWORK_SEARCH_PATHS = (
					"$(SDKROOT)/Developer/Library/Frameworks",
					"$(inherited)",
				);
				INFOPLIST_FILE = PursuitTests/Info.plist;
				LD_RUNPATH_SEARCH_PATHS = "$(inherited) @executable_path/Frameworks @loader_path/Frameworks";
				PRODUCT_NAME = "$(TARGET_NAME)";
				TEST_HOST = "$(BUILT_PRODUCTS_DIR)/Pursuit.app/Pursuit";
			};
			name = Release;
		};
/* End XCBuildConfiguration section */

/* Begin XCConfigurationList section */
		68BD0B2F1AA24AC7002B0425 /* Build configuration list for PBXProject "Pursuit" */ = {
			isa = XCConfigurationList;
			buildConfigurations = (
				68BD0B581AA24AC7002B0425 /* Debug */,
				68BD0B591AA24AC7002B0425 /* Release */,
			);
			defaultConfigurationIsVisible = 0;
			defaultConfigurationName = Release;
		};
		68BD0B5A1AA24AC7002B0425 /* Build configuration list for PBXNativeTarget "Pursuit" */ = {
			isa = XCConfigurationList;
			buildConfigurations = (
				68BD0B5B1AA24AC7002B0425 /* Debug */,
				68BD0B5C1AA24AC7002B0425 /* Release */,
			);
			defaultConfigurationIsVisible = 0;
			defaultConfigurationName = Release;
		};
		68BD0B5D1AA24AC7002B0425 /* Build configuration list for PBXNativeTarget "PursuitTests" */ = {
			isa = XCConfigurationList;
			buildConfigurations = (
				68BD0B5E1AA24AC7002B0425 /* Debug */,
				68BD0B5F1AA24AC7002B0425 /* Release */,
			);
			defaultConfigurationIsVisible = 0;
			defaultConfigurationName = Release;
		};
/* End XCConfigurationList section */

/* Begin XCVersionGroup section */
		68BD0B3E1AA24AC7002B0425 /* Pursuit.xcdatamodeld */ = {
			isa = XCVersionGroup;
			children = (
				68BD0B3F1AA24AC7002B0425 /* Pursuit.xcdatamodel */,
			);
			currentVersion = 68BD0B3F1AA24AC7002B0425 /* Pursuit.xcdatamodel */;
			path = Pursuit.xcdatamodeld;
			sourceTree = "<group>";
			versionGroupType = wrapper.xcdatamodel;
		};
/* End XCVersionGroup section */
	};
	rootObject = 68BD0B2C1AA24AC7002B0425 /* Project object */;
}
